version = 1
revision = 2
requires-python = ">=3.12"

[[package]]
name = "arxiv"
version = "4.0.0"
source = { registry = "https://pypi.org/simple" }
dependencies = [
    { name = "lxml" },
    { name = "requests" },
]
sdist = { url = "https://files.pythonhosted.org/packages/fb/48/88c8e9c42712760ca9e74e52f6c4a388ee9e9939e341bfd8da295a9d1b17/arxiv-4.0.0.tar.gz", hash = "sha256:1d30a1dba5054e0df9b1d63f8e190b58e6a59d0c2f4ccec344ce1de5bafe546d", size = 198009, upload-time = "2026-05-17T23:42:30.952Z" }
wheels = [
    { url = "https://files.pythonhosted.org/packages/af/50/4d01d219958b19b5aaca6ae74820b181baea438cd034d5b3c04b4cf4f75e/arxiv-4.0.0-py3-none-any.whl", hash = "sha256:fc7e65e74d0fba21df2c521df24119d015fcb839dd5c4feb683ee35548c932c4", size = 13014, upload-time = "2026-05-17T23:42:29.246Z" },
]

[[package]]
name = "certifi"
version = "2026.6.17"
source = { registry = "https://pypi.org/simple" }
sdist = { url = "https://files.pythonhosted.org/packages/c9/c7/424b75da314c1045981bd9777432fad05a9e0c69daa4ed7e308bbaffe405/certifi-2026.6.17.tar.gz", hash = "sha256:024c88eeec92ca068db80f02b8b07c9cef7b9fe261d1d535abfd5abd6f6af432", size = 134594, upload-time = "2026-06-17T10:31:07.894Z" }
wheels = [
    { url = "https://files.pythonhosted.org/packages/ef/2f/c5464532e965badff2f4c4c1a3a83f5697f0d7c407ed0cda44aaa99bb451/certifi-2026.6.17-py3-none-any.whl", hash = "sha256:2227dcbaafe0d2f59279d1762ddddc37783ed4354594f194ffc31d20f41fc3db", size = 133289, upload-time = "2026-06-17T10:31:06.348Z" },
]

[[package]]
name = "charset-normalizer"
version = "3.4.8"
source = { registry = "https://pypi.org/simple" }
sdist = { url = "https://files.pythonhosted.org/packages/20/56/10a88e00039537d74bd420f0457c52ab8f58a1af56126e3b9f1b1c8c4724/charset_normalizer-3.4.8.tar.gz", hash = "sha256:d9bf144d6faf12c70d58e47f7512992ae2882b820031d6cef68152deb645bf2d", size = 151790, upload-time = "2026-07-06T15:27:58.477Z" }
wheels = [
    { url = "https://files.pythonhosted.org/packages/59/c2/39de60ef5687662f467bed3d1e6944c67a4f0d057141d0404002b8f405ae/charset_normalizer-3.4.8-cp312-cp312-macosx_10_13_universal2.whl", hash = "sha256:faac37c4904598daa00cb4c9b32f3b4cc814fb5f145d7a531ceb4a70f2114132", size = 319040, upload-time = "2026-07-06T15:26:15.854Z" },
    { url = "https://files.pythonhosted.org/packages/a7/57/a9474c3aeaa337c8a330c0dc5df266527d56da3b189c029529f6b08af2a4/charset_normalizer-3.4.8-cp312-cp312-manylinux2014_aarch64.manylinux_2_17_aarch64.manylinux_2_28_aarch64.whl", hash = "sha256:f191c19a32dc6cec0fb8079789d786254653a9ce906fcab04ccd2eed07bba233", size = 215541, upload-time = "2026-07-06T15:26:17.265Z" },
    { url = "https://files.pythonhosted.org/packages/13/a9/be1ff7e81f6e086dced2a7a7a28b789be351d9796084ccaf6136a4ffafb3/charset_normalizer-3.4.8-cp312-cp312-manylinux2014_ppc64le.manylinux_2_17_ppc64le.manylinux_2_28_ppc64le.whl", hash = "sha256:05811b76943d477bb90822dedb5c4565cef70148847a59d574e2b35043aeb563", size = 236913, upload-time = "2026-07-06T15:26:18.482Z" },
    { url = "https://files.pythonhosted.org/packages/8f/75/d8c5eae93da26d463f9ebe46a4937ca44434dc2937a565b92437befb3d94/charset_normalizer-3.4.8-cp312-cp312-manylinux2014_s390x.manylinux_2_17_s390x.manylinux_2_28_s390x.whl", hash = "sha256:3868a3e4ec1e40b419e060d063f93eac6f046fa21426c4816421223ae7dc8ab8", size = 232815, upload-time = "2026-07-06T15:26:19.734Z" },
    { url = "https://files.pythonhosted.org/packages/27/0d/98e301ca944bcca5e6bc312406b579c8a6d81546c1b494afb3a9478495d6/charset_normalizer-3.4.8-cp312-cp312-manylinux2014_x86_64.manylinux_2_17_x86_64.manylinux_2_28_x86_64.whl", hash = "sha256:25f93d194eb6264c64416cabff46a91f6d99b97e7525a1b4f35c77a99e75cc68", size = 223995, upload-time = "2026-07-06T15:26:20.931Z" },
    { url = "https://files.pythonhosted.org/packages/fa/df/f5222366b76dcb31453a9bd922610c893540d0e729fd390439b0d3e972ee/charset_normalizer-3.4.8-cp312-cp312-manylinux_2_31_armv7l.whl", hash = "sha256:ee6a62492f18d432cca031fabd158f400a8c25bf7b9458f50953393a2a23d97a", size = 208522, upload-time = "2026-07-06T15:26:22.214Z" },
    { url = "https://files.pythonhosted.org/packages/74/52/293220d59d8ddfb8aa56836b33bd6df58e70795d8a102a858c2984480f00/charset_normalizer-3.4.8-cp312-cp312-manylinux_2_31_riscv64.manylinux_2_39_riscv64.whl", hash = "sha256:1c16cb4fc35e4b064f5ee78d849f15a550ada1729c3372916672e38f1f01d1d4", size = 219660, upload-time = "2026-07-06T15:26:23.493Z" },
    { url = "https://files.pythonhosted.org/packages/c3/2c/81a298e66f3d01e61bfc6f7064bbb553b067a9f1d979e5962bf00733069b/charset_normalizer-3.4.8-cp312-cp312-musllinux_1_2_aarch64.whl", hash = "sha256:2fbd0edb0426ab28e70fac9d1d4ef549eb5a64a2521f0428c441d75e4387e6c2", size = 218230, upload-time = "2026-07-06T15:26:24.629Z" },
    { url = "https://files.pythonhosted.org/packages/0d/45/f1dd2328cbc3340705f82072c09bd4c68d6e079191cde05810c1eac77eee/charset_normalizer-3.4.8-cp312-cp312-musllinux_1_2_armv7l.whl", hash = "sha256:ccb9052771216170015f810b88065fd9e13b1e0b391f92abb9b47e0919a42aad", size = 210006, upload-time = "2026-07-06T15:26:25.837Z" },
    { url = "https://files.pythonhosted.org/packages/38/63/28697000620e117eb413424caaf60b6f98ddb1b09b2c11f7c0038d9936a7/charset_normalizer-3.4.8-cp312-cp312-musllinux_1_2_x86_64.whl", hash = "sha256:3809ba5d3cd02aca0894597f2669a825bdfe2229061515c128b0f4e5533b4ab5", size = 225771, upload-time = "2026-07-06T15:26:27.079Z" },
    { url = "https://files.pythonhosted.org/packages/12/a7/d5844e315f5f35e7938c415f07a1df144eed1cf993f1b43cc16c980c5b46/charset_normalizer-3.4.8-cp312-cp312-win32.whl", hash = "sha256:de63c31666a049f653ada24e800192e3c019e96bc7d70fb449a000bccf26a36f", size = 150922, upload-time = "2026-07-06T15:26:28.514Z" },
    { url = "https://files.pythonhosted.org/packages/9b/82/eb8b72f184b1e4986dd9daec15d7f6d9285a6728d2b07b7f04656829f473/charset_normalizer-3.4.8-cp312-cp312-win_amd64.whl", hash = "sha256:14a4bbe066f3fb05c6ba70e9cf9d34614b57a2fd70ea8c27cc30f34155e16a58", size = 162294, upload-time = "2026-07-06T15:26:29.745Z" },
    { url = "https://files.pythonhosted.org/packages/09/5a/ab810134aa41034a08ffe94c058102016e6ad9bce62f3cdba547b4723385/charset_normalizer-3.4.8-cp312-cp312-win_arm64.whl", hash = "sha256:2b5b0c0dca0a02c3f816f89abf18af3d20416dedbc3d3aa5f3981045f88ae7b0", size = 152409, upload-time = "2026-07-06T15:26:31.034Z" },
    { url = "https://files.pythonhosted.org/packages/11/49/fe5a8572a70cd9cba79f80af9388ac8c5c914ed4459b956f940244e499a5/charset_normalizer-3.4.8-cp313-cp313-macosx_10_13_universal2.whl", hash = "sha256:057f8609f7341618c98e5aa9a6109fa116acff2a658497d47ab3325b5e8f2b08", size = 317424, upload-time = "2026-07-06T15:26:32.23Z" },
    { url = "https://files.pythonhosted.org/packages/e5/59/d71c96616b6825425a876f79f38fa440db30b32cc1166179a839f6259150/charset_normalizer-3.4.8-cp313-cp313-manylinux2014_aarch64.manylinux_2_17_aarch64.manylinux_2_28_aarch64.whl", hash = "sha256:c591f9a82adc5b89a039b90df74e43de2b9177fb46771172bed7b80722a70db0", size = 214723, upload-time = "2026-07-06T15:26:33.635Z" },
    { url = "https://files.pythonhosted.org/packages/c6/35/dc9eeb297f19b7b6ada39709ccb74937e6c51f0947958ae601a977cedd5d/charset_normalizer-3.4.8-cp313-cp313-manylinux2014_ppc64le.manylinux_2_17_ppc64le.manylinux_2_28_ppc64le.whl", hash = "sha256:5b56f449132d9adefe55b87635d05177a914ed5d070438a74725e1d77a280002", size = 236200, upload-time = "2026-07-06T15:26:34.99Z" },
    { url = "https://files.pythonhosted.org/packages/0a/37/6775fe852b4acad8bf7e0575fbe8aa9f41b546e33251acbded3c04a6b0d9/charset_normalizer-3.4.8-cp313-cp313-manylinux2014_s390x.manylinux_2_17_s390x.manylinux_2_28_s390x.whl", hash = "sha256:1004c3b5831a301dadfb9e916f38e78e2ff3e08db24a1ad7c354db8ee3dea9c3", size = 231740, upload-time = "2026-07-06T15:26:36.498Z" },
    { url = "https://files.pythonhosted.org/packages/e4/28/1bcc3f5f3bac81532384adcfcdd9362c7f46a188a19deacc1ddaf7bdaa00/charset_normalizer-3.4.8-cp313-cp313-manylinux2014_x86_64.manylinux_2_17_x86_64.manylinux_2_28_x86_64.whl", hash = "sha256:60883e22821d17c9e5b4f3ca1ef8074f766e3db28791f851b665929c515635c0", size = 222888, upload-time = "2026-07-06T15:26:38.161Z" },
    { url = "https://files.pythonhosted.org/packages/47/81/9f3993ca62ef090c58059da641e49e3129e74700a6a3beb58436cdb8d4b9/charset_normalizer-3.4.8-cp313-cp313-manylinux_2_31_armv7l.whl", hash = "sha256:21e4dbb942c8a6342e2685f232dd2a7bc73465697bd26ead4f118271d28be383", size = 207649, upload-time = "2026-07-06T15:26:39.628Z" },
    { url = "https://files.pythonhosted.org/packages/11/f4/679f636bcbdc2d53d06b1f4039be310450dca95a9f76bbf22f09985556e8/charset_normalizer-3.4.8-cp313-cp313-manylinux_2_31_riscv64.manylinux_2_39_riscv64.whl", hash = "sha256:84bcae14c65e645ca66b661339183d32b8c846a17c96e3e81ab3d346e1c498d4", size = 218908, upload-time = "2026-07-06T15:26:40.911Z" },
    { url = "https://files.pythonhosted.org/packages/7e/44/96e8c81867ba8a45ff893c8e7474c2d6b9633f7aa663da7901d040214d3e/charset_normalizer-3.4.8-cp313-cp313-musllinux_1_2_aarch64.whl", hash = "sha256:b4e4d44b8287aa13a25e16e29393d494b0643b24894f7c8266c6f6788dd36337", size = 217096, upload-time = "2026-07-06T15:26:42.148Z" },
    { url = "https://files.pythonhosted.org/packages/a5/bf/4d53f04f29bdb22601701f4f9f4d038edfb27976c296fcb7400c02736a6e/charset_normalizer-3.4.8-cp313-cp313-musllinux_1_2_armv7l.whl", hash = "sha256:f68545d1b267dbfafd5d253b6d1cb161562c4e61ab25b5c4cdb7d9e5923e441e", size = 209355, upload-time = "2026-07-06T15:26:43.557Z" },
    { url = "https://files.pythonhosted.org/packages/ad/60/92b3f630798d777fa880ad289a3f9f2fc663e4b4beb24783c53318820254/charset_normalizer-3.4.8-cp313-cp313-musllinux_1_2_x86_64.whl", hash = "sha256:1936e48214adea74922a20c8ab41b1393ae27cc9e329eb1f0b937d3416824f36", size = 224732, upload-time = "2026-07-06T15:26:44.892Z" },
    { url = "https://files.pythonhosted.org/packages/bd/85/eafa0a3c7bb6fe9f02f4c7901f02071933cac85ee634197e17280818c6de/charset_normalizer-3.4.8-cp313-cp313-win32.whl", hash = "sha256:1f8e3521860187d597f3867d8466da225b9179ea2833bb26de1bb026144d07c3", size = 150358, upload-time = "2026-07-06T15:26:46.153Z" },
    { url = "https://files.pythonhosted.org/packages/f5/8c/879fafff7b47bb1166d289f2d2472cb31b9922f9f4ca1f392edf85ec16be/charset_normalizer-3.4.8-cp313-cp313-win_amd64.whl", hash = "sha256:8b654b6f52a0a9a6be38e88f3e1dc68f1093ebeb2abbadafc7c82da0786a34be", size = 161685, upload-time = "2026-07-06T15:26:47.423Z" },
    { url = "https://files.pythonhosted.org/packages/c3/46/b57c7e778a7b578f28d35fd38544687d4f8d9c019585eebc5ad936073fad/charset_normalizer-3.4.8-cp313-cp313-win_arm64.whl", hash = "sha256:d2d5a250ee26e29468b7607d97479221b069fa8aaf6f929ac84ec0e962e15154", size = 152333, upload-time = "2026-07-06T15:26:48.689Z" },
    { url = "https://files.pythonhosted.org/packages/1c/bc/0a8540b8cd494951cca1428606373942803f5ffcec40fe798f819c5a8adb/charset_normalizer-3.4.8-cp314-cp314-macosx_10_15_universal2.whl", hash = "sha256:77e993ecf65f21ab1f82266ff5e84a7de2c879e7d9b8bc006009df83f22a1d5e", size = 316993, upload-time = "2026-07-06T15:26:49.962Z" },
    { url = "https://files.pythonhosted.org/packages/0e/99/a0868f0a1f0a045fd374d1f2cf7042d8ad5d7fb4dd1f4ac7365e319f7e32/charset_normalizer-3.4.8-cp314-cp314-manylinux2014_aarch64.manylinux_2_17_aarch64.manylinux_2_28_aarch64.whl", hash = "sha256:524939917f17f6de502dfda30b472550965740d7f126659d4c4f8dd1569cce22", size = 215638, upload-time = "2026-07-06T15:26:51.338Z" },
    { url = "https://files.pythonhosted.org/packages/e8/e9/43c4d09a09b5557cc5fe1d87c9d96f86a3942aec0517d2b5408cef87ca75/charset_normalizer-3.4.8-cp314-cp314-manylinux2014_ppc64le.manylinux_2_17_ppc64le.manylinux_2_28_ppc64le.whl", hash = "sha256:a4508989ba8e2ce43ef989453d18188b261546e8188cbdd4ef451fb9e4c3b467", size = 236456, upload-time = "2026-07-06T15:26:52.531Z" },
    { url = "https://files.pythonhosted.org/packages/e2/67/492ca98b3ab785b736b5da10c1bc233e1c8fec6c0cdb29b482c38bfc52a2/charset_normalizer-3.4.8-cp314-cp314-manylinux2014_s390x.manylinux_2_17_s390x.manylinux_2_28_s390x.whl", hash = "sha256:9e44127f7d11eee4548ad2cdf1f4e1b6eaaddd5cb92d15ad65f6ecc9bcf403ab", size = 232253, upload-time = "2026-07-06T15:26:53.838Z" },
    { url = "https://files.pythonhosted.org/packages/2d/fd/1e6eff58c14f1aace1e26d80defbeaea2d35e075dbe4b611111ee4b47fa8/charset_normalizer-3.4.8-cp314-cp314-manylinux2014_x86_64.manylinux_2_17_x86_64.manylinux_2_28_x86_64.whl", hash = "sha256:bb90317359f7e67bb6df615999a95e0980877468e617ddce8b6c2f8e7fe60d95", size = 222886, upload-time = "2026-07-06T15:26:55.009Z" },
    { url = "https://files.pythonhosted.org/packages/40/7a/90056a5326b0c4b9a3f924d337729c344c11542e5bc7191e50410db61587/charset_normalizer-3.4.8-cp314-cp314-manylinux_2_31_armv7l.whl", hash = "sha256:35d9e7a9c960520ae89d1f4e305d1c047a74dea2e0f73a0e84f879356c2e8776", size = 206482, upload-time = "2026-07-06T15:26:56.306Z" },
    { url = "https://files.pythonhosted.org/packages/18/ff/94761d31a33878dbb5008ddbd918615061fcf5c0a612aa3075450e60f628/charset_normalizer-3.4.8-cp314-cp314-manylinux_2_31_riscv64.manylinux_2_39_riscv64.whl", hash = "sha256:92e322b054c7ff886f78feab7360736bb45de2e18cf4a0ee84e8fc5a08d53a19", size = 218929, upload-time = "2026-07-06T15:26:57.422Z" },
    { url = "https://files.pythonhosted.org/packages/2b/dc/00b9675acd7c4b926b9102ee3f0d1a570ce943901be73b87485001393fe1/charset_normalizer-3.4.8-cp314-cp314-musllinux_1_2_aarch64.whl", hash = "sha256:3c0086d97094363556206dc3bcf43f7edcfc043ea7a568a46f45efea74858bd1", size = 218069, upload-time = "2026-07-06T15:26:58.719Z" },
    { url = "https://files.pythonhosted.org/packages/04/11/94ada5a0482ee4bf688d04be4c7d6fd945d37370d04a95671040dfe2b416/charset_normalizer-3.4.8-cp314-cp314-musllinux_1_2_armv7l.whl", hash = "sha256:0752c849b51198267df2aba013c4de3a2955bd014a4fd70828809946c1acbc0c", size = 207146, upload-time = "2026-07-06T15:27:00.058Z" },
    { url = "https://files.pythonhosted.org/packages/7c/f7/246bd36762207ab4752cd436b64e5d81a1668b15ddea7b5b2d0e8545e727/charset_normalizer-3.4.8-cp314-cp314-musllinux_1_2_x86_64.whl", hash = "sha256:2a4707e09eca11e81ece4fced600c5a0a801f568b962244f6f517bc274745fc9", size = 224896, upload-time = "2026-07-06T15:27:01.599Z" },
    { url = "https://files.pythonhosted.org/packages/6f/f7/3510622d1fbe13b0ebf827c475e40a27e2be427140d792878b63ab6425cc/charset_normalizer-3.4.8-cp314-cp314-win32.whl", hash = "sha256:8ea67f427c073ae3da0923aa55f3715131fa613a61a7f2f8d762bde75eaf00ae", size = 150851, upload-time = "2026-07-06T15:27:02.964Z" },
    { url = "https://files.pythonhosted.org/packages/32/2b/9ce65dd21672b55cf800cca5f4433afa1586fda1d78731067ec9ec544c62/charset_normalizer-3.4.8-cp314-cp314-win_amd64.whl", hash = "sha256:ff71018850863362e5c7533769d0a9f77715c31af1502d523630ce822922f5c9", size = 162549, upload-time = "2026-07-06T15:27:04.249Z" },
    { url = "https://files.pythonhosted.org/packages/2f/34/9a5967eed666a88f31a0866884606d9ec3c2cd6091e2ccd7e0b4c4176c35/charset_normalizer-3.4.8-cp314-cp314-win_arm64.whl", hash = "sha256:44464e66f4da2f21dea7145c7693f9f60717ca4794a954dea5bf8c2c932678bd", size = 153079, upload-time = "2026-07-06T15:27:05.608Z" },
    { url = "https://files.pythonhosted.org/packages/02/4f/aa44cc81d8987f105352c74c0bf919007f8b80e9880d28bcf0393c1a816e/charset_normalizer-3.4.8-cp314-cp314t-macosx_10_15_universal2.whl", hash = "sha256:50a0c2e58ad2c203adb616fef28941b7e13716adbc25e0dfaeec29f5afe6382f", size = 338586, upload-time = "2026-07-06T15:27:06.86Z" },
    { url = "https://files.pythonhosted.org/packages/1d/2b/b0392e2b235c08ff0623d905c2ee8ac820620544043c1ce92ce0b3d64c55/charset_normalizer-3.4.8-cp314-cp314t-manylinux2014_aarch64.manylinux_2_17_aarch64.manylinux_2_28_aarch64.whl", hash = "sha256:8a1e589fdb95c76f08288bbb346230cdd8994db74903db6637b380f7b5fc9336", size = 222764, upload-time = "2026-07-06T15:27:08.23Z" },
    { url = "https://files.pythonhosted.org/packages/a2/a1/7d466879190731f5559662c22232646f2ae2dace2323c3e5aefcf78d458a/charset_normalizer-3.4.8-cp314-cp314t-manylinux2014_ppc64le.manylinux_2_17_ppc64le.manylinux_2_28_ppc64le.whl", hash = "sha256:b3d7c887444c5a7ef0d68d358d81e758a850bc626f8e639e2ca5667153272b20", size = 241331, upload-time = "2026-07-06T15:27:09.512Z" },
    { url = "https://files.pythonhosted.org/packages/70/17/8b89e797137aa28c8fb0bafbafc243246a7afe21620a13b00e37624ece1d/charset_normalizer-3.4.8-cp314-cp314t-manylinux2014_s390x.manylinux_2_17_s390x.manylinux_2_28_s390x.whl", hash = "sha256:65c389b96c0cfff3a3f0458fa1c7ce554a30e23101a88a49f03997afce6a929f", size = 239323, upload-time = "2026-07-06T15:27:10.86Z" },
    { url = "https://files.pythonhosted.org/packages/d7/98/1c1940730ed22d50983be4e243c722c89d5136d6f073bd840d1128bfddcb/charset_normalizer-3.4.8-cp314-cp314t-manylinux2014_x86_64.manylinux_2_17_x86_64.manylinux_2_28_x86_64.whl", hash = "sha256:593403fc47dcdf55e2987b2e3cc2e064127e2b908929f1f18b2e4a4652cbd780", size = 229964, upload-time = "2026-07-06T15:27:12.113Z" },
    { url = "https://files.pythonhosted.org/packages/53/2d/bb8e81b7ff603d3f77e9a8a5d1ad34fcabbf3c54d300c29d99fba581fa23/charset_normalizer-3.4.8-cp314-cp314t-manylinux_2_31_armv7l.whl", hash = "sha256:606088e9fa2b7469ab9c42d4da8e05a415622a07714edd2fcd8fed48dda4c853", size = 212405, upload-time = "2026-07-06T15:27:13.447Z" },
    { url = "https://files.pythonhosted.org/packages/ce/1f/e52a3a53b13da591bb8f21d29e63877268eadf20686b7762351d4b89062c/charset_normalizer-3.4.8-cp314-cp314t-manylinux_2_31_riscv64.manylinux_2_39_riscv64.whl", hash = "sha256:0317406326fed512f42a1632ad91a96228a7616c06547666a6dd79967f1bd6ca", size = 226918, upload-time = "2026-07-06T15:27:14.89Z" },
    { url = "https://files.pythonhosted.org/packages/e8/f9/32996d79c57189af9722fe618f46d8a86b7be035ca98887b8d0c3821f141/charset_normalizer-3.4.8-cp314-cp314t-musllinux_1_2_aarch64.whl", hash = "sha256:b67d50ee47e5c57a0064a9cb575b963a7125819dfd1fd094d44d378fff94659b", size = 225113, upload-time = "2026-07-06T15:27:16.125Z" },
    { url = "https://files.pythonhosted.org/packages/d6/d2/9248c18e695696513774523a794cfb8b677521ce9ad7554d301cb10a9b20/charset_normalizer-3.4.8-cp314-cp314t-musllinux_1_2_armv7l.whl", hash = "sha256:79e402b869f270140afa5e2b0e2ac100585358d812fe3dd093d424f7a72964e0", size = 214966, upload-time = "2026-07-06T15:27:17.418Z" },
    { url = "https://files.pythonhosted.org/packages/1e/9d/4b19432d406179a40f924691906ee5b15ac664b408971c973295192444ea/charset_normalizer-3.4.8-cp314-cp314t-musllinux_1_2_x86_64.whl", hash = "sha256:2970b9f7ab69ec3a0423ec6b6ac718e79fbf4a282c0bc103ef88c1ef50dfa15a", size = 231699, upload-time = "2026-07-06T15:27:19.131Z" },
    { url = "https://files.pythonhosted.org/packages/be/41/bdbdf71e8c3ccff10ef3cc2bb9467a7fdb3dc94b9a406d1a3c44afd39632/charset_normalizer-3.4.8-cp314-cp314t-win32.whl", hash = "sha256:458c2972a78043b7261c9726670029f15f722e70669bcbe961153a01968f589f", size = 155333, upload-time = "2026-07-06T15:27:20.681Z" },
    { url = "https://files.pythonhosted.org/packages/bd/f8/e05c69323bd50091ec39f5f885385b884624b0131a6885a0c83a6217ba7a/charset_normalizer-3.4.8-cp314-cp314t-win_amd64.whl", hash = "sha256:0c926329a1df7cd56d7d8349fe354460d20aefd2e394c9e159e479d018b2b359", size = 167378, upload-time = "2026-07-06T15:27:22.042Z" },
    { url = "https://files.pythonhosted.org/packages/c2/04/cbaf1a2f5e2bbf70760e774380cbf052b10849fc35e770905df31af5cf00/charset_normalizer-3.4.8-cp314-cp314t-win_arm64.whl", hash = "sha256:2232baea80a2b01783679fed4e625ccdb19a974f44c9cf0fba21a777a4c8179c", size = 157782, upload-time = "2026-07-06T15:27:23.312Z" },
    { url = "https://files.pythonhosted.org/packages/23/52/d5bee5b6ea81882d549b566d2545b044bbcbc33fe5fbe001008a7e745a21/charset_normalizer-3.4.8-py3-none-any.whl", hash = "sha256:b7c1fb310df524e01fbe84d43b7f95aa4f808f8eaa0dafc185f64ba395e37d54", size = 64279, upload-time = "2026-07-06T15:27:57.043Z" },
]

[[package]]
name = "idna"
version = "3.18"
source = { registry = "https://pypi.org/simple" }
sdist = { url = "https://files.pythonhosted.org/packages/cd/63/9496c57188a2ee585e0f1db071d75089a11e98aa86eb99d9d7618fc1edce/idna-3.18.tar.gz", hash = "sha256:ffb385a7e039654cef1ab9ef32c6fafe283c0c0467bba1d9029738ce4a14a848", size = 196711, upload-time = "2026-06-02T14:34:07.794Z" }
wheels = [
    { url = "https://files.pythonhosted.org/packages/1e/5e/d4e9f1a599fb8e573b7b87160658329fbf28d19eac2718f51fc3def3aa5a/idna-3.18-py3-none-any.whl", hash = "sha256:7f952cbe720b688055e3f87de14f5c3e5fdaa8bc3928985c4077ca689de849a2", size = 65455, upload-time = "2026-06-02T14:34:06.319Z" },
]

[[package]]
name = "langchain-arxiv-retriever"
version = "0.1.0"
source = { virtual = "." }
dependencies = [
    { name = "arxiv" },
]

[package.metadata]
requires-dist = [{ name = "arxiv", specifier = ">=4.0.0" }]

[[package]]
name = "lxml"
version = "6.1.1"
source = { registry = "https://pypi.org/simple" }
sdist = { url = "https://files.pythonhosted.org/packages/05/3b/aab6728cae887456f409b4d75e8a01856e4f04bd510de38052a47768b680/lxml-6.1.1.tar.gz", hash = "sha256:ba96ae44888e0185281e937633a743ea90d5a196c6000f82565ebb0580012d40", size = 4197430, upload-time = "2026-05-18T19:19:06.424Z" }
wheels = [
    { url = "https://files.pythonhosted.org/packages/6a/6e/c4add832b6fc1e887125b96f880d7b9b70aae5248718e046b1704bcac4b9/lxml-6.1.1-cp312-cp312-macosx_10_13_universal2.whl", hash = "sha256:104c09bda8d2a562824c0e319d0768ce26a779b7601e0931d33b09b53c392ef7", size = 8570821, upload-time = "2026-05-18T19:17:42.068Z" },
    { url = "https://files.pythonhosted.org/packages/22/00/ff3009c88e65de8011630acf8ab5a09cb2becd2aaf47fba2f3449f6224e9/lxml-6.1.1-cp312-cp312-macosx_10_13_x86_64.whl", hash = "sha256:25c6997a9a534e016695a0ba06b2f07945de682731ff01065b6d5a4474179da1", size = 4624252, upload-time = "2026-05-18T19:17:47.897Z" },
    { url = "https://files.pythonhosted.org/packages/42/95/bb63f0fd62e554fe078e1fb3c8fe9083c14ddc7ad7fa178d10e57e071ac7/lxml-6.1.1-cp312-cp312-manylinux2014_aarch64.manylinux_2_17_aarch64.whl", hash = "sha256:c921ba5c51e4e9f63b8b00267d06566e1f63407408a0496da2d1d0bfc819c7fc", size = 4930746, upload-time = "2026-05-18T19:18:29.637Z" },
    { url = "https://files.pythonhosted.org/packages/eb/99/0013e8d9b5960f4f041cf0b73e2f80c23eb5205b1f7bfb20203243651359/lxml-6.1.1-cp312-cp312-manylinux2014_x86_64.manylinux_2_17_x86_64.whl", hash = "sha256:54a7f95e4de5fb94e2f9f4b9055c6ba33bf3d628fd77a1d647c5923caa2cdcdc", size = 5093723, upload-time = "2026-05-18T19:18:34.168Z" },
    { url = "https://files.pythonhosted.org/packages/29/91/317b332636bfc7bddcff828d41b3307f50043f4b237e40849c333d80fa1a/lxml-6.1.1-cp312-cp312-manylinux_2_26_aarch64.manylinux_2_28_aarch64.whl", hash = "sha256:96f2ec43df44b1f76249ee0a615334f9b5b060e1c8bd90e706dad2d14d02f383", size = 5005557, upload-time = "2026-05-18T19:18:39.798Z" },
    { url = "https://files.pythonhosted.org/packages/42/2f/cc9bf06afe70f9c9093ae60855d9759da9db601ec4080f7473319666ffd7/lxml-6.1.1-cp312-cp312-manylinux_2_26_ppc64le.manylinux_2_28_ppc64le.whl", hash = "sha256:70ef8a7e102a1508f8121aae5b0867abd663f72c14f0a9c937e6554cb4587b7b", size = 5631036, upload-time = "2026-05-18T19:18:44.858Z" },
    { url = "https://files.pythonhosted.org/packages/08/f6/af32e23e563971ffb0fb86be52bc5be5c2c118858ffc119bf6a9039b173d/lxml-6.1.1-cp312-cp312-manylinux_2_26_x86_64.manylinux_2_28_x86_64.whl", hash = "sha256:ebe6af670449830d6d9b752c256a983291c766a1365ba5d5460048f9e33a7818", size = 5240367, upload-time = "2026-05-18T19:18:49.217Z" },
    { url = "https://files.pythonhosted.org/packages/78/83/8555d40948b09ce86f1bd0c68a7ac31d07b1929f92cc1b074006c97ef2d2/lxml-6.1.1-cp312-cp312-manylinux_2_28_i686.whl", hash = "sha256:27acc820660aaffa4f7c087f29120e12980f7779d56d8492d263170111284740", size = 5350171, upload-time = "2026-05-18T19:18:52.779Z" },
    { url = "https://files.pythonhosted.org/packages/63/75/5d92da93729b7bad783689e6496049fa40927b45bec7bf183c981de3ca70/lxml-6.1.1-cp312-cp312-manylinux_2_31_armv7l.whl", hash = "sha256:1db753c9115ec7100d073b744d17e25e88a8f90f5c39b2f5dd878149af59671f", size = 4694874, upload-time = "2026-05-18T19:18:55.139Z" },
    { url = "https://files.pythonhosted.org/packages/c5/b5/3aad415a9a25b822e783f15deeb4dffccf5113030f1afa2222dd929313d9/lxml-6.1.1-cp312-cp312-manylinux_2_38_riscv64.manylinux_2_39_riscv64.whl", hash = "sha256:c4f469aebd783bb741c2ecb2a681008fd26bfe5c16a9a72ed5467f834e810df2", size = 5244492, upload-time = "2026-05-18T19:19:01.28Z" },
    { url = "https://files.pythonhosted.org/packages/f1/a1/5fcf7eb9904b80086aa47dcf0027de07b1bb990afad2e6823144c368ae04/lxml-6.1.1-cp312-cp312-musllinux_1_2_aarch64.whl", hash = "sha256:766b010012d59470072c1816b5b6c69f1d243e5db36ea5968e94accf430a4635", size = 5048232, upload-time = "2026-05-18T19:18:12.67Z" },
    { url = "https://files.pythonhosted.org/packages/77/74/1f601b63c7a69fcdf10fa9b148c81da8442204194f6c55509cc485c786b9/lxml-6.1.1-cp312-cp312-musllinux_1_2_armv7l.whl", hash = "sha256:b8d812c6011c08b8111a15e54dd990b8923692d80adf35488bee34026c35accf", size = 4777023, upload-time = "2026-05-18T19:18:15.928Z" },
    { url = "https://files.pythonhosted.org/packages/a2/b9/7a78f51aec95b1bf780d78e12705a9f6533284f8693dc5c0e6724fa53d3f/lxml-6.1.1-cp312-cp312-musllinux_1_2_ppc64le.whl", hash = "sha256:fe0306bd29505a9177aac19f1877174b0e7422c222a59f70b2cd41633448c3dc", size = 5645773, upload-time = "2026-05-18T19:18:23.223Z" },
    { url = "https://files.pythonhosted.org/packages/a5/6e/98a7b7ad54e4e74fa1f20fff776913980619d0ebe5558232d7da6580bdd8/lxml-6.1.1-cp312-cp312-musllinux_1_2_riscv64.whl", hash = "sha256:5ba186ad207446c65d3bb3d3e0412b032b1d9f595e59861e2354798c5703d955", size = 5233088, upload-time = "2026-05-18T19:18:31.433Z" },
    { url = "https://files.pythonhosted.org/packages/65/d1/bc0ed2427bf609f2ee10da303a6a226f9c8bce94f945dc29a32ce55de6e4/lxml-6.1.1-cp312-cp312-musllinux_1_2_x86_64.whl", hash = "sha256:aa366a1e55b8ebfe8ca8ddc3cfe75c8ebade181aeb0f661d0cb05986b647f72a", size = 5260995, upload-time = "2026-05-18T19:18:37.091Z" },
    { url = "https://files.pythonhosted.org/packages/69/8b/6772e1a4b513fc50a8d931f19edde0e13ae6918510a1e13ff67864f3e5ed/lxml-6.1.1-cp312-cp312-win32.whl", hash = "sha256:126c93f7f56f0eda92f6d8c619edc463a4f23d9252f1c9d0405a76f25fa9f11a", size = 3596382, upload-time = "2026-05-18T19:17:18.37Z" },
    { url = "https://files.pythonhosted.org/packages/1b/89/45198e9624762af2dfd2cb8782598477ceb29f6e59caab560388ae1f4ec1/lxml-6.1.1-cp312-cp312-win_amd64.whl", hash = "sha256:26e6eda8d38c1fcab1090dd196ee87cbd13788e531937610e2589085de074e77", size = 3997255, upload-time = "2026-05-18T19:17:56.781Z" },
    { url = "https://files.pythonhosted.org/packages/90/a9/7a54b6834088d9ae528a7b780584ba6a39a9457b0ac330479f20ffbc9449/lxml-6.1.1-cp312-cp312-win_arm64.whl", hash = "sha256:6540377fbd53fe1b629172288c464fb18db11ce1fa7dc15891da10aa9dcc3e7f", size = 3659610, upload-time = "2026-05-19T19:22:50.843Z" },
    { url = "https://files.pythonhosted.org/packages/a5/eb/7e6f37c5584ccbb2ff267f56fd0339016938c1c8684cfefab9b33ffc2f36/lxml-6.1.1-cp313-cp313-macosx_10_13_universal2.whl", hash = "sha256:68a9198d0fc122d14bb76837de9aa80cf84caed990b5b237f532ed87d3706736", size = 8559780, upload-time = "2026-05-18T19:17:57.661Z" },
    { url = "https://files.pythonhosted.org/packages/a1/36/587c2521cf23a2cd6c9c22108aa7528f683a1f195ed7ccd23a4b1786ad36/lxml-6.1.1-cp313-cp313-macosx_10_13_x86_64.whl", hash = "sha256:7d47866cb32fb503450b6edc9df355d10dc49836af2e89901bd6ac6b0896d9d9", size = 4618006, upload-time = "2026-05-18T19:18:04.452Z" },
    { url = "https://files.pythonhosted.org/packages/6e/ca/ab7bfe2bf4c972af5e7878262845ead3a24a929a9b04bc11c7c1ece6c82a/lxml-6.1.1-cp313-cp313-manylinux2014_aarch64.manylinux_2_17_aarch64.whl", hash = "sha256:eb7c9811bfaa8b1ed5ed319f5d370dfbcaa59d52ea64be2a5a85e18195930354", size = 4924139, upload-time = "2026-05-18T19:19:04.873Z" },
    { url = "https://files.pythonhosted.org/packages/6b/55/a0c72851dfee5ecc689f949723a73dea457758912542cb955b108eaf0d8f/lxml-6.1.1-cp313-cp313-manylinux2014_x86_64.manylinux_2_17_x86_64.whl", hash = "sha256:762ff394d5bd56da0cf034a23dcce4e13923f15321a2adfa2ac00201dc6d3fca", size = 5082329, upload-time = "2026-05-18T19:19:09.728Z" },
    { url = "https://files.pythonhosted.org/packages/f0/b6/0608f7d61a3b96cc67e5648a3d906e31a5082093e10e7be65b3886289938/lxml-6.1.1-cp313-cp313-manylinux_2_26_aarch64.manylinux_2_28_aarch64.whl", hash = "sha256:a088f287f7d8275a33c07f2cac6c50b9319309a0200a39e7e75d80c707723099", size = 4993564, upload-time = "2026-05-18T19:19:13.608Z" },
    { url = "https://files.pythonhosted.org/packages/4c/66/ae227524b066d29d55bf0b453d93d2d793c40218657d643dcbbca13b8faf/lxml-6.1.1-cp313-cp313-manylinux_2_26_ppc64le.manylinux_2_28_ppc64le.whl", hash = "sha256:e902da4b04e6b52e5893900d4b8ab46068f75f3561f01bf1080957f9fd932ed6", size = 5613467, upload-time = "2026-05-18T19:19:16.228Z" },
    { url = "https://files.pythonhosted.org/packages/a6/76/dbe4a00b50385e40194231dcfe5a12c059de7cf90e89c83407d2b085b719/lxml-6.1.1-cp313-cp313-manylinux_2_26_x86_64.manylinux_2_28_x86_64.whl", hash = "sha256:1d4962d4c66bf830a7e59ed6cfc17d148149898a3aefa8ec6e59763e6e3ed085", size = 5228304, upload-time = "2026-05-18T19:19:19.354Z" },
    { url = "https://files.pythonhosted.org/packages/1c/01/00b1b8442ed2041793336868ba0b9ea4b13d7da7c085c6404c207a63bf79/lxml-6.1.1-cp313-cp313-manylinux_2_28_i686.whl", hash = "sha256:581d4c8ae690a6609e64862dd6b7c2489635c2d13907fc2b20f2bc200ff1d21e", size = 5341607, upload-time = "2026-05-18T19:19:22.297Z" },
    { url = "https://files.pythonhosted.org/packages/63/36/1ad29931e9a4638bb707869f01d423a6c815f82152138d1a40dfcfde2b95/lxml-6.1.1-cp313-cp313-manylinux_2_31_armv7l.whl", hash = "sha256:876e1ff5930ed8bf295ec5ef9a8155e9b6b1876bbf1deed8b3a8069311875a8f", size = 4700168, upload-time = "2026-05-18T19:19:25.133Z" },
    { url = "https://files.pythonhosted.org/packages/3c/d1/a9536cecf9be18a0dc72d32bead283a2332d1ffebd2dd3ac70ce444686e5/lxml-6.1.1-cp313-cp313-manylinux_2_38_riscv64.manylinux_2_39_riscv64.whl", hash = "sha256:9eb9b5a968f6e0f6d640092a567e14529ff8cea2e29d00da6f78a79fa49f013c", size = 5232487, upload-time = "2026-05-18T19:19:28.603Z" },
    { url = "https://files.pythonhosted.org/packages/0e/77/b4fb1e03bf5d130e879214d3100092e386418807fb74dd0adc4b0a48f351/lxml-6.1.1-cp313-cp313-musllinux_1_2_aarch64.whl", hash = "sha256:aa49e06d94aba782c6a02eecb7e507969e7e7a41b267f1b359bb35585f295d5b", size = 5044231, upload-time = "2026-05-18T19:18:42.246Z" },
    { url = "https://files.pythonhosted.org/packages/26/4c/d00daeeb0a5530c4028a9232aa1b93db3ef4ed2158c116ea73c79a9765b3/lxml-6.1.1-cp313-cp313-musllinux_1_2_armv7l.whl", hash = "sha256:70cdfd80589d59e43e18005dd7244e8895e93db8ab6a620b7e23df5445a4e3d2", size = 4769450, upload-time = "2026-05-18T19:18:48.013Z" },
    { url = "https://files.pythonhosted.org/packages/ed/6a/715a3a8d156ce42f29cf014706f5410c2ff3b02267774110fc23266409fe/lxml-6.1.1-cp313-cp313-musllinux_1_2_ppc64le.whl", hash = "sha256:aad9aa39483ed8ec44d6d2e59e5b98a0d80676ef0d92f44bfc374836111f62f5", size = 5635874, upload-time = "2026-05-18T19:18:51.914Z" },
    { url = "https://files.pythonhosted.org/packages/45/37/0544bc21dde2a88f3a17b504e6fc79c0e01d25a33c2f6079724e9e72b9c7/lxml-6.1.1-cp313-cp313-musllinux_1_2_riscv64.whl", hash = "sha256:d49514be2f28d895c38cf9d2b72d7b9a07d00314519f456c0b50b53cfcf4c785", size = 5223987, upload-time = "2026-05-18T19:18:59.715Z" },
    { url = "https://files.pythonhosted.org/packages/4d/f8/f6a5e8185bcb28c2befae3d31f8e3df3b811cb0f47746517a81279fcafe1/lxml-6.1.1-cp313-cp313-musllinux_1_2_x86_64.whl", hash = "sha256:47402e62c52ff5988c1e8c6c63177f5708bccf48e366dea4e3dcf1e645e04947", size = 5250276, upload-time = "2026-05-18T19:19:03.834Z" },
    { url = "https://files.pythonhosted.org/packages/c7/f2/1a2b9f1b7a49d45495369be7ef9ad05b262930f2eab3e3145706fca8083f/lxml-6.1.1-cp313-cp313-win32.whl", hash = "sha256:3483644525531e1d5762b0c44a8e18b6efba321b6dcf8a8952de10b037618bca", size = 3596903, upload-time = "2026-05-18T19:17:29.863Z" },
    { url = "https://files.pythonhosted.org/packages/e6/99/f4ffb024f238eec2131aaa09f3278fb6129cf892741bf68e1fc1afb8c100/lxml-6.1.1-cp313-cp313-win_amd64.whl", hash = "sha256:a10bd2fd62e8ce916ececb342f348f190724a098c1faa056fdfb2a22ad5e8660", size = 3995869, upload-time = "2026-05-18T19:18:02.596Z" },
    { url = "https://files.pythonhosted.org/packages/d1/53/70eb8c5c6037f27448f1e3c54ebede9545a801ae63f0a7254afca4fe8e45/lxml-6.1.1-cp313-cp313-win_arm64.whl", hash = "sha256:424aa57aca0897eb922aef34395bd1289b3b6f04e6bae20ea123c0c7e333cffc", size = 3658490, upload-time = "2026-05-19T19:22:53.846Z" },
    { url = "https://files.pythonhosted.org/packages/13/e2/2e325795566de01d0d7c3bb57d3c370616b2d07b01214e84eec5d3b10963/lxml-6.1.1-cp314-cp314-macosx_10_15_universal2.whl", hash = "sha256:19b7ab10b210b0b3ad7985d9ac4eb66ab09a90b20fe6e2f7ba55d01a234345d0", size = 8577146, upload-time = "2026-05-18T19:18:17.765Z" },
    { url = "https://files.pythonhosted.org/packages/93/cf/5630b5e4be7d2e6bee8efe83865c925221103cf0221303b104ce134b01e2/lxml-6.1.1-cp314-cp314-macosx_10_15_x86_64.whl", hash = "sha256:c08e5c694306507275f2290073350c4f32e383db15213b2c69e7ff39c1193840", size = 4623866, upload-time = "2026-05-18T19:18:30.669Z" },
    { url = "https://files.pythonhosted.org/packages/d2/51/3904907c063451cf8d4a5c9fe0cad95fa1f4ec57f4e3884fa0731bd7a305/lxml-6.1.1-cp314-cp314-manylinux2014_aarch64.manylinux_2_17_aarch64.whl", hash = "sha256:74a9717fd0d82effef5c2854f0d917231d5324b5a3eb7275c43ac9fa32f97a14", size = 4950022, upload-time = "2026-05-18T19:19:31.958Z" },
    { url = "https://files.pythonhosted.org/packages/94/cd/9c7611a51c37a2830928405817cc5d56a97f64fab83cc3f628748b135749/lxml-6.1.1-cp314-cp314-manylinux2014_x86_64.manylinux_2_17_x86_64.whl", hash = "sha256:efe0374196335f93b53269acd811b944f2e6bdc88e8894f214bd636455484909", size = 5086695, upload-time = "2026-05-18T19:19:34.764Z" },
    { url = "https://files.pythonhosted.org/packages/da/d6/24e3b5906abb0b674ff2ae195bc3ce59708df2bcd17cf17703b2d7dd643a/lxml-6.1.1-cp314-cp314-manylinux_2_26_aarch64.manylinux_2_28_aarch64.whl", hash = "sha256:ac931cdc9442c1763b8a8f6cd62c0c938737eafc5be75eff88df55fc73bc0d00", size = 5031642, upload-time = "2026-05-18T19:19:37.771Z" },
    { url = "https://files.pythonhosted.org/packages/2d/db/6ec54f99019838bff54785c51da07f189eb4676861c5f2730962b0d8d665/lxml-6.1.1-cp314-cp314-manylinux_2_26_ppc64le.manylinux_2_28_ppc64le.whl", hash = "sha256:aee395f5d0927f947758b4ec119fd5fc8ec71f07a1c5c52077b30b04c0fa6955", size = 5647338, upload-time = "2026-05-18T19:19:40.553Z" },
    { url = "https://files.pythonhosted.org/packages/42/3d/ef4dcfffd22d27a61805d8ed9f7fb888495bc6aa88648fa07c1eaa5586b6/lxml-6.1.1-cp314-cp314-manylinux_2_26_x86_64.manylinux_2_28_x86_64.whl", hash = "sha256:9395002973c827b3ed67db77e6ec09f092919a587022174554096a269378fb13", size = 5239528, upload-time = "2026-05-18T19:19:43.657Z" },
    { url = "https://files.pythonhosted.org/packages/62/bb/37fb3f0dff146bdcfa78eec47879273820b2a0bf350ec236ce14bd0b1c26/lxml-6.1.1-cp314-cp314-manylinux_2_28_i686.whl", hash = "sha256:73bc2086f141224ebddb7fc5c6a36ca58b31b94b561e1dfe8e073e3270fad1e7", size = 5350730, upload-time = "2026-05-18T19:19:46.307Z" },
    { url = "https://files.pythonhosted.org/packages/90/42/43253f168388df4fae1f38c01df36ddb9bee39e2048167b54cdcbae85ea3/lxml-6.1.1-cp314-cp314-manylinux_2_31_armv7l.whl", hash = "sha256:3779def59032b81e44a5f70096ef6bf2082f8d901937dca354474ba09782e245", size = 4697530, upload-time = "2026-05-18T19:19:49.889Z" },
    { url = "https://files.pythonhosted.org/packages/eb/a8/c5a8504f81bbdfc8e7094c2c850cdb4ed6777fc4d5ddd9e5ab819f3b0d54/lxml-6.1.1-cp314-cp314-manylinux_2_38_riscv64.manylinux_2_39_riscv64.whl", hash = "sha256:86c89b9d55ebf820ad7c90bc533410f0d098054f293351f10603c0c46ff598f5", size = 5250670, upload-time = "2026-05-18T19:19:53.199Z" },
    { url = "https://files.pythonhosted.org/packages/77/b7/c7e76ab18744d75e21f320ebf9ff9d1ceae2b54dd431ea5a64caf26c9672/lxml-6.1.1-cp314-cp314-musllinux_1_2_aarch64.whl", hash = "sha256:19607c6bbff2a44cf3fe8250abccd20942d3462473e0a721d01d379ed017e462", size = 5084485, upload-time = "2026-05-18T19:19:08.422Z" },
    { url = "https://files.pythonhosted.org/packages/31/31/b35c53f8ef7b7c31cacd23d3638652fff7bcd1deb6eedb709ab43b685908/lxml-6.1.1-cp314-cp314-musllinux_1_2_armv7l.whl", hash = "sha256:c6ed5141a5c7507cf3ee76bd363b0d6f801e3321adc35b5d825a23115faa5465", size = 4737635, upload-time = "2026-05-18T19:19:12.321Z" },
    { url = "https://files.pythonhosted.org/packages/d9/06/31f23c813a7fe8e0cb1b175e915b08c9bf4e86d225b210feadbdbe519667/lxml-6.1.1-cp314-cp314-musllinux_1_2_ppc64le.whl", hash = "sha256:62aeb7e85b5d60320b9d77eef2e773994e2c0ce10121b277e0a19804e1654a5a", size = 5670681, upload-time = "2026-05-18T19:19:15.001Z" },
    { url = "https://files.pythonhosted.org/packages/1a/bc/ce619bccc89b1fd9ad8a8e1330ee3f3beff9f2ff95b712d7bbcdd6e22fc3/lxml-6.1.1-cp314-cp314-musllinux_1_2_riscv64.whl", hash = "sha256:b1b963fd8f5caa68e99dfae060d54de1fe9cba899b8718b44a00cdca53c3e590", size = 5238229, upload-time = "2026-05-18T19:19:18.131Z" },
    { url = "https://files.pythonhosted.org/packages/2f/5d/b329acbbedc0b619ebc2be6cf7ee9ed07e80892c88d4dfd612c33805789a/lxml-6.1.1-cp314-cp314-musllinux_1_2_x86_64.whl", hash = "sha256:63876be28efefa04a1df615b46770e82042cce445cfdce55160522f57b231ccb", size = 5264191, upload-time = "2026-05-18T19:19:21.118Z" },
    { url = "https://files.pythonhosted.org/packages/d6/85/be36fb1425b30db3c3f9df75fe86343ebffb79e6320bd7f588e25bfeac39/lxml-6.1.1-cp314-cp314-win32.whl", hash = "sha256:7f7a92e8583f06b1fd49d01158143b8461cfcd135dcb10ec807270a3051bd603", size = 3657202, upload-time = "2026-05-18T19:17:39.509Z" },
    { url = "https://files.pythonhosted.org/packages/b8/ce/3cf9a827342269f54d405a6202397de63f07c69cbd6ce7d183a3f0cba1e9/lxml-6.1.1-cp314-cp314-win_amd64.whl", hash = "sha256:b2d444f2e66624d68e9c6b211e28a76e22fff5fcabcfff4deac18b529b7d4137", size = 4064497, upload-time = "2026-05-18T19:18:14.662Z" },
    { url = "https://files.pythonhosted.org/packages/d9/3e/1a957bde8f0760039e627f94699f82caa782c9d838d86c3d28245ee67212/lxml-6.1.1-cp314-cp314-win_arm64.whl", hash = "sha256:3fd9728a2735fda14f4e8235830c86b539e9661e849665bf926d3f867943b4bf", size = 3741991, upload-time = "2026-05-19T19:22:59.111Z" },
    { url = "https://files.pythonhosted.org/packages/78/b2/00ed55b3a2efa4658fb795c38d1090ec9b3e8a6c3683d4441fa517f09c3b/lxml-6.1.1-cp314-cp314t-macosx_10_15_universal2.whl", hash = "sha256:787b2496d0dbe8cd180984e8d29e3a6f76e7ea34db781cb3bd55e4ba1ef8b4ee", size = 8827545, upload-time = "2026-05-18T19:18:41.193Z" },
    { url = "https://files.pythonhosted.org/packages/c0/73/74573db19baa618d5f266f2407898b087ff6927115b00b71e5fc1b700847/lxml-6.1.1-cp314-cp314t-macosx_10_15_x86_64.whl", hash = "sha256:2c8daa471358dc2d6fcf02165e80ec68f77871a286df95bc5cc3816153b0fd2c", size = 4735736, upload-time = "2026-05-18T19:18:46.761Z" },
    { url = "https://files.pythonhosted.org/packages/16/02/6f7061f4f95f51e545d48e87647c54791d204a4e881be4156e7a26ba5338/lxml-6.1.1-cp314-cp314t-manylinux2014_aarch64.manylinux_2_17_aarch64.whl", hash = "sha256:acd7d70b64c0aae0c7922cca83d288a16f5f6da523637697872253415269baef", size = 4970291, upload-time = "2026-05-18T19:19:56.215Z" },
    { url = "https://files.pythonhosted.org/packages/b0/02/55fc057d8283427dea7d6edb102e7a840239c77a64a983d92f62a304c0e9/lxml-6.1.1-cp314-cp314t-manylinux2014_x86_64.manylinux_2_17_x86_64.whl", hash = "sha256:4f0dd2f01f9f8a89f565d000e03abcf0a13d692a346c8d22f628d49af098777a", size = 5102822, upload-time = "2026-05-18T19:19:59.223Z" },
    { url = "https://files.pythonhosted.org/packages/e4/48/8e1cf78d89d66850121d9255a2a24414c98f775da93b90cf976956c24b14/lxml-6.1.1-cp314-cp314t-manylinux_2_26_aarch64.manylinux_2_28_aarch64.whl", hash = "sha256:0b7e8a14c8634bf6f7a568634cb395305a6d964aeb5b7ee32248094bed3a7e2c", size = 5027923, upload-time = "2026-05-18T19:20:01.549Z" },
    { url = "https://files.pythonhosted.org/packages/ed/00/0632a0647612c8af24d26997b3b961397daa9d5b2581444805933629a4cb/lxml-6.1.1-cp314-cp314t-manylinux_2_26_ppc64le.manylinux_2_28_ppc64le.whl", hash = "sha256:86281fbdd6a8162756f8d603f37e3435bfa38043adb79c6dc6a2dfee065e7525", size = 5595843, upload-time = "2026-05-18T19:20:03.93Z" },
    { url = "https://files.pythonhosted.org/packages/bc/86/ab008a7dc360711b66858d61c80a5979a70a09f2aa2b05d9698df80b803d/lxml-6.1.1-cp314-cp314t-manylinux_2_26_x86_64.manylinux_2_28_x86_64.whl", hash = "sha256:c5d7152ec39ca7c402d8fb9bad86140a15b9503bd0c54484e3f1bbe3dd37ceca", size = 5224515, upload-time = "2026-05-18T19:20:06.381Z" },
    { url = "https://files.pythonhosted.org/packages/75/c6/2702ff375e728e34f56d9a45339a9cf7e4427e917f542225242d63a05afa/lxml-6.1.1-cp314-cp314t-manylinux_2_28_i686.whl", hash = "sha256:88d8cb75b9d82858497a5393e3c63cfbf03035225e4b35a49ed7ccb151e4dc0e", size = 5312511, upload-time = "2026-05-18T19:20:09.308Z" },
    { url = "https://files.pythonhosted.org/packages/b7/57/a5807c98f87a86f10ef9ffab35516df7c0f0c4b6d5d33e9f608ab9c04a31/lxml-6.1.1-cp314-cp314t-manylinux_2_31_armv7l.whl", hash = "sha256:f64ec5397ea6a41fc1b4af0380d79b44a755b5531dcaccd9940fb260dca93038", size = 4639206, upload-time = "2026-05-18T19:20:11.704Z" },
    { url = "https://files.pythonhosted.org/packages/1f/e1/8a0a2c35734812395f4da4eaf33748a7e5705bfb2a58b128da764339d5ec/lxml-6.1.1-cp314-cp314t-manylinux_2_38_riscv64.manylinux_2_39_riscv64.whl", hash = "sha256:d34bbf07dbc7ca5970671b1512e928991fb5e9d95365636c9b2d8b4f53af405e", size = 5232404, upload-time = "2026-05-18T19:20:14.064Z" },
    { url = "https://files.pythonhosted.org/packages/c2/e2/0e6a4dd5ad84d01d99aa7bae7cfefd4a760a0e0f8176818241de17d9b6c0/lxml-6.1.1-cp314-cp314t-musllinux_1_2_aarch64.whl", hash = "sha256:17e0e18d4ad8adbd0399291bc44845b69d9dd68439a3cdebdf35ff902ec05072", size = 5083769, upload-time = "2026-05-18T19:19:23.758Z" },
    { url = "https://files.pythonhosted.org/packages/a0/7e/161f33d463f6ffc1c7679104b65086dea120080d49dde4d238f015aaee2f/lxml-6.1.1-cp314-cp314t-musllinux_1_2_armv7l.whl", hash = "sha256:3ab541146f1f6968c462d6c2ac495148e8cdba2f8347700b2141b6ec5a75bf52", size = 4758936, upload-time = "2026-05-18T19:19:27.256Z" },
    { url = "https://files.pythonhosted.org/packages/f1/fb/2369825e3f6ca99305bf9f7b7085fda91c8b0922a89e54d900974aa3ef85/lxml-6.1.1-cp314-cp314t-musllinux_1_2_ppc64le.whl", hash = "sha256:2a0217714657e023ef4293500f65aa20fce6164c8fd6b08fa5bd4a859fb14b9b", size = 5620296, upload-time = "2026-05-18T19:19:29.993Z" },
    { url = "https://files.pythonhosted.org/packages/30/90/d61e383146f74c5ab683947ea14dc7b82778838ab9b95ea73a23b60d0191/lxml-6.1.1-cp314-cp314t-musllinux_1_2_riscv64.whl", hash = "sha256:05a82eb6e1530a64f26225b55cbd178113bd0b5af1c2b625f25e5296742c26d2", size = 5228598, upload-time = "2026-05-18T19:19:33.523Z" },
    { url = "https://files.pythonhosted.org/packages/76/2d/2dafd8149e94b05bb070690efd5bb2680720681e03ff03fc57d2b70a1105/lxml-6.1.1-cp314-cp314t-musllinux_1_2_x86_64.whl", hash = "sha256:9e36f163528fc50cbef305f02a5fd66d404edf7049cdaff211dbc2cba5a7013e", size = 5247845, upload-time = "2026-05-18T19:19:36.649Z" },
    { url = "https://files.pythonhosted.org/packages/ce/68/b30e913340c380ddac9580c6e6230991fc37240ec4f64704833e4f3e2769/lxml-6.1.1-cp314-cp314t-win32.whl", hash = "sha256:649dda677cf3bd6ac9ae14007ba0c824ded8ce5808b53fc7431d9140399118c1", size = 3897345, upload-time = "2026-05-18T19:17:33.562Z" },
    { url = "https://files.pythonhosted.org/packages/3c/4e/9eb2af5335545f9fbcd7af57bcf87c6025d31eaa31b14ec184a6c8675328/lxml-6.1.1-cp314-cp314t-win_amd64.whl", hash = "sha256:793033d6c5cdf33a573f910d9bea14ef8f5771820411d118da8e1182edb53d5e", size = 4393350, upload-time = "2026-05-18T19:18:10.076Z" },
    { url = "https://files.pythonhosted.org/packages/7f/2c/0f1e93c636720e8a3eb59af2bfda99d98b55891e1c53bc30c2e0e865f01b/lxml-6.1.1-cp314-cp314t-win_arm64.whl", hash = "sha256:58bb955caba94e467d2a96da17660d2d704e0675894cba21ab8a775b8621fd1c", size = 3817223, upload-time = "2026-05-19T19:22:56.823Z" },
]

[[package]]
name = "requests"
version = "2.33.1"
source = { registry = "https://pypi.org/simple" }
dependencies = [
    { name = "certifi" },
    { name = "charset-normalizer" },
    { name = "idna" },
    { name = "urllib3" },
]
sdist = { url = "https://files.pythonhosted.org/packages/5f/a4/98b9c7c6428a668bf7e42ebb7c79d576a1c3c1e3ae2d47e674b468388871/requests-2.33.1.tar.gz", hash = "sha256:18817f8c57c6263968bc123d237e3b8b08ac046f5456bd1e307ee8f4250d3517", size = 134120, upload-time = "2026-03-30T16:09:15.531Z" }
wheels = [
    { url = "https://files.pythonhosted.org/packages/d7/8e/7540e8a2036f79a125c1d2ebadf69ed7901608859186c856fa0388ef4197/requests-2.33.1-py3-none-any.whl", hash = "sha256:4e6d1ef462f3626a1f0a0a9c42dd93c63bad33f9f1c1937509b8c5c8718ab56a", size = 64947, upload-time = "2026-03-30T16:09:13.83Z" },
]

[[package]]
name = "urllib3"
version = "2.7.0"
source = { registry = "https://pypi.org/simple" }
sdist = { url = "https://files.pythonhosted.org/packages/53/0c/06f8b233b8fd13b9e5ee11424ef85419ba0d8ba0b3138bf360be2ff56953/urllib3-2.7.0.tar.gz", hash = "sha256:231e0ec3b63ceb14667c67be60f2f2c40a518cb38b03af60abc813da26505f4c", size = 433602, upload-time = "2026-05-07T16:13:18.596Z" }
wheels = [
    { url = "https://files.pythonhosted.org/packages/7f/3e/5db95bcf282c52709639744ca2a8b149baccf648e39c8cc87553df9eae0c/urllib3-2.7.0-py3-none-any.whl", hash = "sha256:9fb4c81ebbb1ce9531cce37674bbc6f1360472bc18ca9a553ede278ef7276897", size = 131087, upload-time = "2026-05-07T16:13:17.151Z" },
]
